
Microsoft Visual Studio Solution File, Format Version 12.00
# Visual Studio 15
VisualStudioVersion = 15.0.28307.438
MinimumVisualStudioVersion = 10.0.40219.1
Project("{9A19103F-16F7-4668-BE54-9A1E7A4F7556}") = "Vehicles", "Vehicles\Vehicles.csproj", "{FFC36665-77B5-45BE-8E67-8A26179C3389}"
EndProject
Project("{FAE04EC0-301F-11D3-BF4B-00C04F79EFBC}") = "WildFarm", "WildFarm\WildFarm.csproj", "{DA4E79C0-187C-4984-ADFF-163B7BF19014}"
EndProject
Global
	GlobalSection(SolutionConfigurationPlatforms) = preSolution
		Debug|Any CPU = Debug|Any CPU
		Release|Any CPU = Release|Any CPU
	EndGlobalSection
	GlobalSection(ProjectConfigurationPlatforms) = postSolution
		{FFC36665-77B5-45BE-8E67-8A26179C3389}.Debug|Any CPU.ActiveCfg = Debug|Any CPU
		{FFC36665-77B5-45BE-8E67-8A26179C3389}.Debug|Any CPU.Build.0 = Debug|Any CPU
		{FFC36665-77B5-45BE-8E67-8A26179C3389}.Release|Any CPU.ActiveCfg = Release|Any CPU
		{FFC36665-77B5-45BE-8E67-8A26179C3389}.Release|Any CPU.Build.0 = Release|Any CPU
		{DA4E79C0-187C-4984-ADFF-163B7BF19014}.Debug|Any CPU.ActiveCfg = Debug|Any CPU
		{DA4E79C0-187C-4984-ADFF-163B7BF19014}.Debug|Any CPU.Build.0 = Debug|Any CPU
		{DA4E79C0-187C-4984-ADFF-163B7BF19014}.Release|Any CPU.ActiveCfg = Release|Any CPU
		{DA4E79C0-187C-4984-ADFF-163B7BF19014}.Release|Any CPU.Build.0 = Release|Any CPU
	EndGlobalSection
	GlobalSection(SolutionProperties) = preSolution
		HideSolutionNode = FALSE
	EndGlobalSection
	GlobalSection(ExtensibilityGlobals) = postSolution
		SolutionGuid = {740635D1-A69E-4F6E-AD06-8599438A8E5B}
	EndGlobalSection
EndGlobal
